
Microsoft Visual Studio Solution File, Format Version 12.00
# Visual Studio Version 16
VisualStudioVersion = 16.0.30128.36
MinimumVisualStudioVersion = 10.0.40219.1
Project("{FAE04EC0-301F-11D3-BF4B-00C04F79EFBC}") = "SimpleCheckers", "SimpleCheckers.csproj", "{FCAE1037-36E1-4686-93D6-DAEA20408B1E}"
EndProject
Project("{FAE04EC0-301F-11D3-BF4B-00C04F79EFBC}") = "CheckersGameUnitTest", "..\CheckersGameUnitTest\CheckersGameUnitTest.csproj", "{94E513AF-C7FB-4B7E-BC6E-8D872B9C85E1}"
EndProject
Global
	GlobalSection(SolutionConfigurationPlatforms) = preSolution
		Debug|Any CPU = Debug|Any CPU
		Release|Any CPU = Release|Any CPU
	EndGlobalSection
	GlobalSection(ProjectConfigurationPlatforms) = postSolution
		{FCAE1037-36E1-4686-93D6-DAEA20408B1E}.Debug|Any CPU.ActiveCfg = Debug|Any CPU
		{FCAE1037-36E1-4686-93D6-DAEA20408B1E}.Debug|Any CPU.Build.0 = Debug|Any CPU
		{FCAE1037-36E1-4686-93D6-DAEA20408B1E}.Release|Any CPU.ActiveCfg = Release|Any CPU
		{FCAE1037-36E1-4686-93D6-DAEA20408B1E}.Release|Any CPU.Build.0 = Release|Any CPU
		{94E513AF-C7FB-4B7E-BC6E-8D872B9C85E1}.Debug|Any CPU.ActiveCfg = Debug|Any CPU
		{94E513AF-C7FB-4B7E-BC6E-8D872B9C85E1}.Debug|Any CPU.Build.0 = Debug|Any CPU
		{94E513AF-C7FB-4B7E-BC6E-8D872B9C85E1}.Release|Any CPU.ActiveCfg = Release|Any CPU
		{94E513AF-C7FB-4B7E-BC6E-8D872B9C85E1}.Release|Any CPU.Build.0 = Release|Any CPU
	EndGlobalSection
	GlobalSection(SolutionProperties) = preSolution
		HideSolutionNode = FALSE
	EndGlobalSection
	GlobalSection(ExtensibilityGlobals) = postSolution
		SolutionGuid = {749007E5-0DCD-417C-956B-97EADC0712E5}
	EndGlobalSection
EndGlobal
